// !$*UTF8*$!
{
	archiveVersion = 1;
	classes = {
	};
	objectVersion = 56;
	objects = {

/* Begin PBXBuildFile section */
		26A720242B04BC0A008CFBA9 /* ChartDemoAppApp.swift in Sources */ = {isa = PBXBuildFile; fileRef = 26A720232B04BC0A008CFBA9 /* ChartDemoAppApp.swift */; };
		26A720262B04BC0A008CFBA9 /* ContentView.swift in Sources */ = {isa = PBXBuildFile; fileRef = 26A720252B04BC0A008CFBA9 /* ContentView.swift */; };
		26A720282B04BC0B008CFBA9 /* Assets.xcassets in Resources */ = {isa = PBXBuildFile; fileRef = 26A720272B04BC0B008CFBA9 /* Assets.xcassets */; };
		26A7202B2B04BC0B008CFBA9 /* Preview Assets.xcassets in Resources */ = {isa = PBXBuildFile; fileRef = 26A7202A2B04BC0B008CFBA9 /* Preview Assets.xcassets */; };
		26A720352B04BC0B008CFBA9 /* ChartDemoAppTests.swift in Sources */ = {isa = PBXBuildFile; fileRef = 26A720342B04BC0B008CFBA9 /* ChartDemoAppTests.swift */; };
		26A7203F2B04BC0B008CFBA9 /* ChartDemoAppUITests.swift in Sources */ = {isa = PBXBuildFile; fileRef = 26A7203E2B04BC0B008CFBA9 /* ChartDemoAppUITests.swift */; };
		26A720412B04BC0B008CFBA9 /* ChartDemoAppUITestsLaunchTests.swift in Sources */ = {isa = PBXBuildFile; fileRef = 26A720402B04BC0B008CFBA9 /* ChartDemoAppUITestsLaunchTests.swift */; };
/* End PBXBuildFile section */

/* Begin PBXContainerItemProxy section */
		26A720312B04BC0B008CFBA9 /* PBXContainerItemProxy */ = {
			isa = PBXContainerItemProxy;
			containerPortal = 26A720182B04BC0A008CFBA9 /* Project object */;
			proxyType = 1;
			remoteGlobalIDString = 26A7201F2B04BC0A008CFBA9;
			remoteInfo = ChartDemoApp;
		};
		26A7203B2B04BC0B008CFBA9 /* PBXContainerItemProxy */ = {
			isa = PBXContainerItemProxy;
			containerPortal = 26A720182B04BC0A008CFBA9 /* Project object */;
			proxyType = 1;
			remoteGlobalIDString = 26A7201F2B04BC0A008CFBA9;
			remoteInfo = ChartDemoApp;
		};
/* End PBXContainerItemProxy section */

/* Begin PBXFileReference section */
		26A720202B04BC0A008CFBA9 /* ChartDemoApp.app */ = {isa = PBXFileReference; explicitFileType = wrapper.application; includeInIndex = 0; path = ChartDemoApp.app; sourceTree = BUILT_PRODUCTS_DIR; };
		26A720232B04BC0A008CFBA9 /* ChartDemoAppApp.swift */ = {isa = PBXFileReference; lastKnownFileType = sourcecode.swift; path = ChartDemoAppApp.swift; sourceTree = "<group>"; };
		26A720252B04BC0A008CFBA9 /* ContentView.swift */ = {isa = PBXFileReference; lastKnownFileType = sourcecode.swift; path = ContentView.swift; sourceTree = "<group>"; };
		26A720272B04BC0B008CFBA9 /* Assets.xcassets */ = {isa = PBXFileReference; lastKnownFileType = folder.assetcatalog; path = Assets.xcassets; sourceTree = "<group>"; };
		26A7202A2B04BC0B008CFBA9 /* Preview Assets.xcassets */ = {isa = PBXFileReference; lastKnownFileType = folder.assetcatalog; path = "Preview Assets.xcassets"; sourceTree = "<group>"; };
		26A720302B04BC0B008CFBA9 /* ChartDemoAppTests.xctest */ = {isa = PBXFileReference; explicitFileType = wrapper.cfbundle; includeInIndex = 0; path = ChartDemoAppTests.xctest; sourceTree = BUILT_PRODUCTS_DIR; };
		26A720342B04BC0B008CFBA9 /* ChartDemoAppTests.swift */ = {isa = PBXFileReference; lastKnownFileType = sourcecode.swift; path = ChartDemoAppTests.swift; sourceTree = "<group>"; };
		26A7203A2B04BC0B008CFBA9 /* ChartDemoAppUITests.xctest */ = {isa = PBXFileReference; explicitFileType = wrapper.cfbundle; includeInIndex = 0; path = ChartDemoAppUITests.xctest; sourceTree = BUILT_PRODUCTS_DIR; };
		26A7203E2B04BC0B008CFBA9 /* ChartDemoAppUITests.swift */ = {isa = PBXFileReference; lastKnownFileType = sourcecode.swift; path = ChartDemoAppUITests.swift; sourceTree = "<group>"; };
		26A720402B04BC0B008CFBA9 /* ChartDemoAppUITestsLaunchTests.swift */ = {isa = PBXFileReference; lastKnownFileType = sourcecode.swift; path = ChartDemoAppUITestsLaunchTests.swift; sourceTree = "<group>"; };
/* End PBXFileReference section */

/* Begin PBXFrameworksBuildPhase section */
		26A7201D2B04BC0A008CFBA9 /* Frameworks */ = {
			isa = PBXFrameworksBuildPhase;
			buildActionMask = 2147483647;
			files = (
			);
			runOnlyForDeploymentPostprocessing = 0;
		};
		26A7202D2B04BC0B008CFBA9 /* Frameworks */ = {
			isa = PBXFrameworksBuildPhase;
			buildActionMask = 2147483647;
			files = (
			);
			runOnlyForDeploymentPostprocessing = 0;
		};
		26A720372B04BC0B008CFBA9 /* Frameworks */ = {
			isa = PBXFrameworksBuildPhase;
			buildActionMask = 2147483647;
			files = (
			);
			runOnlyForDeploymentPostprocessing = 0;
		};
/* End PBXFrameworksBuildPhase section */

/* Begin PBXGroup section */
		26A720172B04BC0A008CFBA9 = {
			isa = PBXGroup;
			children = (
				26A720222B04BC0A008CFBA9 /* ChartDemoApp */,
				26A720332B04BC0B008CFBA9 /* ChartDemoAppTests */,
				26A7203D2B04BC0B008CFBA9 /* ChartDemoAppUITests */,
				26A720212B04BC0A008CFBA9 /* Products */,
			);
			sourceTree = "<group>";
		};
		26A720212B04BC0A008CFBA9 /* Products */ = {
			isa = PBXGroup;
			children = (
				26A720202B04BC0A008CFBA9 /* ChartDemoApp.app */,
				26A720302B04BC0B008CFBA9 /* ChartDemoAppTests.xctest */,
				26A7203A2B04BC0B008CFBA9 /* ChartDemoAppUITests.xctest */,
			);
			name = Products;
			sourceTree = "<group>";
		};
		26A720222B04BC0A008CFBA9 /* ChartDemoApp */ = {
			isa = PBXGroup;
			children = (
				26A720232B04BC0A008CFBA9 /* ChartDemoAppApp.swift */,
				26A720252B04BC0A008CFBA9 /* ContentView.swift */,
				26A720272B04BC0B008CFBA9 /* Assets.xcassets */,
				26A720292B04BC0B008CFBA9 /* Preview Content */,
			);
			path = ChartDemoApp;
			sourceTree = "<group>";
		};
		26A720292B04BC0B008CFBA9 /* Preview Content */ = {
			isa = PBXGroup;
			children = (
				26A7202A2B04BC0B008CFBA9 /* Preview Assets.xcassets */,
			);
			path = "Preview Content";
			sourceTree = "<group>";
		};
		26A720332B04BC0B008CFBA9 /* ChartDemoAppTests */ = {
			isa = PBXGroup;
			children = (
				26A720342B04BC0B008CFBA9 /* ChartDemoAppTests.swift */,
			);
			path = ChartDemoAppTests;
			sourceTree = "<group>";
		};
		26A7203D2B04BC0B008CFBA9 /* ChartDemoAppUITests */ = {
			isa = PBXGroup;
			children = (
				26A7203E2B04BC0B008CFBA9 /* ChartDemoAppUITests.swift */,
				26A720402B04BC0B008CFBA9 /* ChartDemoAppUITestsLaunchTests.swift */,
			);
			path = ChartDemoAppUITests;
			sourceTree = "<group>";
		};
/* End PBXGroup section */

/* Begin PBXNativeTarget section */
		26A7201F2B04BC0A008CFBA9 /* ChartDemoApp */ = {
			isa = PBXNativeTarget;
			buildConfigurationList = 26A720442B04BC0B008CFBA9 /* Build configuration list for PBXNativeTarget "ChartDemoApp" */;
			buildPhases = (
				26A7201C2B04BC0A008CFBA9 /* Sources */,
				26A7201D2B04BC0A008CFBA9 /* Frameworks */,
				26A7201E2B04BC0A008CFBA9 /* Resources */,
			);
			buildRules = (
			);
			dependencies = (
			);
			name = ChartDemoApp;
			productName = ChartDemoApp;
			productReference = 26A720202B04BC0A008CFBA9 /* ChartDemoApp.app */;
			productType = "com.apple.product-type.application";
		};
		26A7202F2B04BC0B008CFBA9 /* ChartDemoAppTests */ = {
			isa = PBXNativeTarget;
			buildConfigurationList = 26A720472B04BC0B008CFBA9 /* Build configuration list for PBXNativeTarget "ChartDemoAppTests" */;
			buildPhases = (
				26A7202C2B04BC0B008CFBA9 /* Sources */,
				26A7202D2B04BC0B008CFBA9 /* Frameworks */,
				26A7202E2B04BC0B008CFBA9 /* Resources */,
			);
			buildRules = (
			);
			dependencies = (
				26A720322B04BC0B008CFBA9 /* PBXTargetDependency */,
			);
			name = ChartDemoAppTests;
			productName = ChartDemoAppTests;
			productReference = 26A720302B04BC0B008CFBA9 /* ChartDemoAppTests.xctest */;
			productType = "com.apple.product-type.bundle.unit-test";
		};
		26A720392B04BC0B008CFBA9 /* ChartDemoAppUITests */ = {
			isa = PBXNativeTarget;
			buildConfigurationList = 26A7204A2B04BC0B008CFBA9 /* Build configuration list for PBXNativeTarget "ChartDemoAppUITests" */;
			buildPhases = (
				26A720362B04BC0B008CFBA9 /* Sources */,
				26A720372B04BC0B008CFBA9 /* Frameworks */,
				26A720382B04BC0B008CFBA9 /* Resources */,
			);
			buildRules = (
			);
			dependencies = (
				26A7203C2B04BC0B008CFBA9 /* PBXTargetDependency */,
			);
			name = ChartDemoAppUITests;
			productName = ChartDemoAppUITests;
			productReference = 26A7203A2B04BC0B008CFBA9 /* ChartDemoAppUITests.xctest */;
			productType = "com.apple.product-type.bundle.ui-testing";
		};
/* End PBXNativeTarget section */

/* Begin PBXProject section */
		26A720182B04BC0A008CFBA9 /* Project object */ = {
			isa = PBXProject;
			attributes = {
				BuildIndependentTargetsInParallel = 1;
				LastSwiftUpdateCheck = 1430;
				LastUpgradeCheck = 1430;
				TargetAttributes = {
					26A7201F2B04BC0A008CFBA9 = {
						CreatedOnToolsVersion = 14.3.1;
					};
					26A7202F2B04BC0B008CFBA9 = {
						CreatedOnToolsVersion = 14.3.1;
						TestTargetID = 26A7201F2B04BC0A008CFBA9;
					};
					26A720392B04BC0B008CFBA9 = {
						CreatedOnToolsVersion = 14.3.1;
						TestTargetID = 26A7201F2B04BC0A008CFBA9;
					};
				};
			};
			buildConfigurationList = 26A7201B2B04BC0A008CFBA9 /* Build configuration list for PBXProject "ChartDemoApp" */;
			compatibilityVersion = "Xcode 14.0";
			developmentRegion = en;
			hasScannedForEncodings = 0;
			knownRegions = (
				en,
				Base,
			);
			mainGroup = 26A720172B04BC0A008CFBA9;
			productRefGroup = 26A720212B04BC0A008CFBA9 /* Products */;
			projectDirPath = "";
			projectRoot = "";
			targets = (
				26A7201F2B04BC0A008CFBA9 /* ChartDemoApp */,
				26A7202F2B04BC0B008CFBA9 /* ChartDemoAppTests */,
				26A720392B04BC0B008CFBA9 /* ChartDemoAppUITests */,
			);
		};
/* End PBXProject section */

/* Begin PBXResourcesBuildPhase section */
		26A7201E2B04BC0A008CFBA9 /* Resources */ = {
			isa = PBXResourcesBuildPhase;
			buildActionMask = 2147483647;
			files = (
				26A7202B2B04BC0B008CFBA9 /* Preview Assets.xcassets in Resources */,
				26A720282B04BC0B008CFBA9 /* Assets.xcassets in Resources */,
			);
			runOnlyForDeploymentPostprocessing = 0;
		};
		26A7202E2B04BC0B008CFBA9 /* Resources */ = {
			isa = PBXResourcesBuildPhase;
			buildActionMask = 2147483647;
			files = (
			);
			runOnlyForDeploymentPostprocessing = 0;
		};
		26A720382B04BC0B008CFBA9 /* Resources */ = {
			isa = PBXResourcesBuildPhase;
			buildActionMask = 2147483647;
			files = (
			);
			runOnlyForDeploymentPostprocessing = 0;
		};
/* End PBXResourcesBuildPhase section */

/* Begin PBXSourcesBuildPhase section */
		26A7201C2B04BC0A008CFBA9 /* Sources */ = {
			isa = PBXSourcesBuildPhase;
			buildActionMask = 2147483647;
			files = (
				26A720262B04BC0A008CFBA9 /* ContentView.swift in Sources */,
				26A720242B04BC0A008CFBA9 /* ChartDemoAppApp.swift in Sources */,
			);
			runOnlyForDeploymentPostprocessing = 0;
		};
		26A7202C2B04BC0B008CFBA9 /* Sources */ = {
			isa = PBXSourcesBuildPhase;
			buildActionMask = 2147483647;
			files = (
				26A720352B04BC0B008CFBA9 /* ChartDemoAppTests.swift in Sources */,
			);
			runOnlyForDeploymentPostprocessing = 0;
		};
		26A720362B04BC0B008CFBA9 /* Sources */ = {
			isa = PBXSourcesBuildPhase;
			buildActionMask = 2147483647;
			files = (
				26A720412B04BC0B008CFBA9 /* ChartDemoAppUITestsLaunchTests.swift in Sources */,
				26A7203F2B04BC0B008CFBA9 /* ChartDemoAppUITests.swift in Sources */,
			);
			runOnlyForDeploymentPostprocessing = 0;
		};
/* End PBXSourcesBuildPhase section */

/* Begin PBXTargetDependency section */
		26A720322B04BC0B008CFBA9 /* PBXTargetDependency */ = {
			isa = PBXTargetDependency;
			target = 26A7201F2B04BC0A008CFBA9 /* ChartDemoApp */;
			targetProxy = 26A720312B04BC0B008CFBA9 /* PBXContainerItemProxy */;
		};
		26A7203C2B04BC0B008CFBA9 /* PBXTargetDependency */ = {
			isa = PBXTargetDependency;
			target = 26A7201F2B04BC0A008CFBA9 /* ChartDemoApp */;
			targetProxy = 26A7203B2B04BC0B008CFBA9 /* PBXContainerItemProxy */;
		};
/* End PBXTargetDependency section */

/* Begin XCBuildConfiguration section */
		26A720422B04BC0B008CFBA9 /* Debug */ = {
			isa = XCBuildConfiguration;
			buildSettings = {
				ALWAYS_SEARCH_USER_PATHS = NO;
				CLANG_ANALYZER_NONNULL = YES;
				CLANG_ANALYZER_NUMBER_OBJECT_CONVERSION = YES_AGGRESSIVE;
				CLANG_CXX_LANGUAGE_STANDARD = "gnu++20";
				CLANG_ENABLE_MODULES = YES;
				CLANG_ENABLE_OBJC_ARC = YES;
				CLANG_ENABLE_OBJC_WEAK = YES;
				CLANG_WARN_BLOCK_CAPTURE_AUTORELEASING = YES;
				CLANG_WARN_BOOL_CONVERSION = YES;
				CLANG_WARN_COMMA = YES;
				CLANG_WARN_CONSTANT_CONVERSION = YES;
				CLANG_WARN_DEPRECATED_OBJC_IMPLEMENTATIONS = YES;
				CLANG_WARN_DIRECT_OBJC_ISA_USAGE = YES_ERROR;
				CLANG_WARN_DOCUMENTATION_COMMENTS = YES;
				CLANG_WARN_EMPTY_BODY = YES;
				CLANG_WARN_ENUM_CONVERSION = YES;
				CLANG_WARN_INFINITE_RECURSION = YES;
				CLANG_WARN_INT_CONVERSION = YES;
				CLANG_WARN_NON_LITERAL_NULL_CONVERSION = YES;
				CLANG_WARN_OBJC_IMPLICIT_RETAIN_SELF = YES;
				CLANG_WARN_OBJC_LITERAL_CONVERSION = YES;
				CLANG_WARN_OBJC_ROOT_CLASS = YES_ERROR;
				CLANG_WARN_QUOTED_INCLUDE_IN_FRAMEWORK_HEADER = YES;
				CLANG_WARN_RANGE_LOOP_ANALYSIS = YES;
				CLANG_WARN_STRICT_PROTOTYPES = YES;
				CLANG_WARN_SUSPICIOUS_MOVE = YES;
				CLANG_WARN_UNGUARDED_AVAILABILITY = YES_AGGRESSIVE;
				CLANG_WARN_UNREACHABLE_CODE = YES;
				CLANG_WARN__DUPLICATE_METHOD_MATCH = YES;
				COPY_PHASE_STRIP = NO;
				DEBUG_INFORMATION_FORMAT = dwarf;
				ENABLE_STRICT_OBJC_MSGSEND = YES;
				ENABLE_TESTABILITY = YES;
				GCC_C_LANGUAGE_STANDARD = gnu11;
				GCC_DYNAMIC_NO_PIC = NO;
				GCC_NO_COMMON_BLOCKS = YES;
				GCC_OPTIMIZATION_LEVEL = 0;
				GCC_PREPROCESSOR_DEFINITIONS = (
					"DEBUG=1",
					"$(inherited)",
				);
				GCC_WARN_64_TO_32_BIT_CONVERSION = YES;
				GCC_WARN_ABOUT_RETURN_TYPE = YES_ERROR;
				GCC_WARN_UNDECLARED_SELECTOR = YES;
				GCC_WARN_UNINITIALIZED_AUTOS = YES_AGGRESSIVE;
				GCC_WARN_UNUSED_FUNCTION = YES;
				GCC_WARN_UNUSED_VARIABLE = YES;
				IPHONEOS_DEPLOYMENT_TARGET = 16.4;
				MTL_ENABLE_DEBUG_INFO = INCLUDE_SOURCE;
				MTL_FAST_MATH = YES;
				ONLY_ACTIVE_ARCH = YES;
				SDKROOT = iphoneos;
				SWIFT_ACTIVE_COMPILATION_CONDITIONS = DEBUG;
				SWIFT_OPTIMIZATION_LEVEL = "-Onone";
			};
			name = Debug;
		};
		26A720432B04BC0B008CFBA9 /* Release */ = {
			isa = XCBuildConfiguration;
			buildSettings = {
				ALWAYS_SEARCH_USER_PATHS = NO;
				CLANG_ANALYZER_NONNULL = YES;
				CLANG_ANALYZER_NUMBER_OBJECT_CONVERSION = YES_AGGRESSIVE;
				CLANG_CXX_LANGUAGE_STANDARD = "gnu++20";
				CLANG_ENABLE_MODULES = YES;
				CLANG_ENABLE_OBJC_ARC = YES;
				CLANG_ENABLE_OBJC_WEAK = YES;
				CLANG_WARN_BLOCK_CAPTURE_AUTORELEASING = YES;
				CLANG_WARN_BOOL_CONVERSION = YES;
				CLANG_WARN_COMMA = YES;
				CLANG_WARN_CONSTANT_CONVERSION = YES;
				CLANG_WARN_DEPRECATED_OBJC_IMPLEMENTATIONS = YES;
				CLANG_WARN_DIRECT_OBJC_ISA_USAGE = YES_ERROR;
				CLANG_WARN_DOCUMENTATION_COMMENTS = YES;
				CLANG_WARN_EMPTY_BODY = YES;
				CLANG_WARN_ENUM_CONVERSION = YES;
				CLANG_WARN_INFINITE_RECURSION = YES;
				CLANG_WARN_INT_CONVERSION = YES;
				CLANG_WARN_NON_LITERAL_NULL_CONVERSION = YES;
				CLANG_WARN_OBJC_IMPLICIT_RETAIN_SELF = YES;
				CLANG_WARN_OBJC_LITERAL_CONVERSION = YES;
				CLANG_WARN_OBJC_ROOT_CLASS = YES_ERROR;
				CLANG_WARN_QUOTED_INCLUDE_IN_FRAMEWORK_HEADER = YES;
				CLANG_WARN_RANGE_LOOP_ANALYSIS = YES;
				CLANG_WARN_STRICT_PROTOTYPES = YES;
				CLANG_WARN_SUSPICIOUS_MOVE = YES;
				CLANG_WARN_UNGUARDED_AVAILABILITY = YES_AGGRESSIVE;
				CLANG_WARN_UNREACHABLE_CODE = YES;
				CLANG_WARN__DUPLICATE_METHOD_MATCH = YES;
				COPY_PHASE_STRIP = NO;
				DEBUG_INFORMATION_FORMAT = "dwarf-with-dsym";
				ENABLE_NS_ASSERTIONS = NO;
				ENABLE_STRICT_OBJC_MSGSEND = YES;
				GCC_C_LANGUAGE_STANDARD = gnu11;
				GCC_NO_COMMON_BLOCKS = YES;
				GCC_WARN_64_TO_32_BIT_CONVERSION = YES;
				GCC_WARN_ABOUT_RETURN_TYPE = YES_ERROR;
				GCC_WARN_UNDECLARED_SELECTOR = YES;
				GCC_WARN_UNINITIALIZED_AUTOS = YES_AGGRESSIVE;
				GCC_WARN_UNUSED_FUNCTION = YES;
				GCC_WARN_UNUSED_VARIABLE = YES;
				IPHONEOS_DEPLOYMENT_TARGET = 16.4;
				MTL_ENABLE_DEBUG_INFO = NO;
				MTL_FAST_MATH = YES;
				SDKROOT = iphoneos;
				SWIFT_COMPILATION_MODE = wholemodule;
				SWIFT_OPTIMIZATION_LEVEL = "-O";
				VALIDATE_PRODUCT = YES;
			};
			name = Release;
		};
		26A720452B04BC0B008CFBA9 /* Debug */ = {
			isa = XCBuildConfiguration;
			buildSettings = {
				ASSETCATALOG_COMPILER_APPICON_NAME = AppIcon;
				ASSETCATALOG_COMPILER_GLOBAL_ACCENT_COLOR_NAME = AccentColor;
				CODE_SIGN_STYLE = Automatic;
				CURRENT_PROJECT_VERSION = 1;
				DEVELOPMENT_ASSET_PATHS = "\"ChartDemoApp/Preview Content\"";
				DEVELOPMENT_TEAM = QWY5DY832N;
				ENABLE_PREVIEWS = YES;
				GENERATE_INFOPLIST_FILE = YES;
				INFOPLIST_KEY_UIApplicationSceneManifest_Generation = YES;
				INFOPLIST_KEY_UIApplicationSupportsIndirectInputEvents = YES;
				INFOPLIST_KEY_UILaunchScreen_Generation = YES;
				INFOPLIST_KEY_UISupportedInterfaceOrientations_iPad = "UIInterfaceOrientationPortrait UIInterfaceOrientationPortraitUpsideDown UIInterfaceOrientationLandscapeLeft UIInterfaceOrientationLandscapeRight";
				INFOPLIST_KEY_UISupportedInterfaceOrientations_iPhone = "UIInterfaceOrientationPortrait UIInterfaceOrientationLandscapeLeft UIInterfaceOrientationLandscapeRight";
				LD_RUNPATH_SEARCH_PATHS = (
					"$(inherited)",
					"@executable_path/Frameworks",
				);
				MARKETING_VERSION = 1.0;
				PRODUCT_BUNDLE_IDENTIFIER = com.espressif.barchart.ChartDemoApp;
				PRODUCT_NAME = "$(TARGET_NAME)";
				SWIFT_EMIT_LOC_STRINGS = YES;
				SWIFT_VERSION = 5.0;
				TARGETED_DEVICE_FAMILY = "1,2";
			};
			name = Debug;
		};
		26A720462B04BC0B008CFBA9 /* Release */ = {
			isa = XCBuildConfiguration;
			buildSettings = {
				ASSETCATALOG_COMPILER_APPICON_NAME = AppIcon;
				ASSETCATALOG_COMPILER_GLOBAL_ACCENT_COLOR_NAME = AccentColor;
				CODE_SIGN_STYLE = Automatic;
				CURRENT_PROJECT_VERSION = 1;
				DEVELOPMENT_ASSET_PATHS = "\"ChartDemoApp/Preview Content\"";
				DEVELOPMENT_TEAM = QWY5DY832N;
				ENABLE_PREVIEWS = YES;
				GENERATE_INFOPLIST_FILE = YES;
				INFOPLIST_KEY_UIApplicationSceneManifest_Generation = YES;
				INFOPLIST_KEY_UIApplicationSupportsIndirectInputEvents = YES;
				INFOPLIST_KEY_UILaunchScreen_Generation = YES;
				INFOPLIST_KEY_UISupportedInterfaceOrientations_iPad = "UIInterfaceOrientationPortrait UIInterfaceOrientationPortraitUpsideDown UIInterfaceOrientationLandscapeLeft UIInterfaceOrientationLandscapeRight";
				INFOPLIST_KEY_UISupportedInterfaceOrientations_iPhone = "UIInterfaceOrientationPortrait UIInterfaceOrientationLandscapeLeft UIInterfaceOrientationLandscapeRight";
				LD_RUNPATH_SEARCH_PATHS = (
					"$(inherited)",
					"@executable_path/Frameworks",
				);
				MARKETING_VERSION = 1.0;
				PRODUCT_BUNDLE_IDENTIFIER = com.espressif.barchart.ChartDemoApp;
				PRODUCT_NAME = "$(TARGET_NAME)";
				SWIFT_EMIT_LOC_STRINGS = YES;
				SWIFT_VERSION = 5.0;
				TARGETED_DEVICE_FAMILY = "1,2";
			};
			name = Release;
		};
		26A720482B04BC0B008CFBA9 /* Debug */ = {
			isa = XCBuildConfiguration;
			buildSettings = {
				ALWAYS_EMBED_SWIFT_STANDARD_LIBRARIES = YES;
				BUNDLE_LOADER = "$(TEST_HOST)";
				CODE_SIGN_STYLE = Automatic;
				CURRENT_PROJECT_VERSION = 1;
				DEVELOPMENT_TEAM = QWY5DY832N;
				GENERATE_INFOPLIST_FILE = YES;
				IPHONEOS_DEPLOYMENT_TARGET = 16.4;
				MARKETING_VERSION = 1.0;
				PRODUCT_BUNDLE_IDENTIFIER = com.espressif.barchart.ChartDemoAppTests;
				PRODUCT_NAME = "$(TARGET_NAME)";
				SWIFT_EMIT_LOC_STRINGS = NO;
				SWIFT_VERSION = 5.0;
				TARGETED_DEVICE_FAMILY = "1,2";
				TEST_HOST = "$(BUILT_PRODUCTS_DIR)/ChartDemoApp.app/$(BUNDLE_EXECUTABLE_FOLDER_PATH)/ChartDemoApp";
			};
			name = Debug;
		};
		26A720492B04BC0B008CFBA9 /* Release */ = {
			isa = XCBuildConfiguration;
			buildSettings = {
				ALWAYS_EMBED_SWIFT_STANDARD_LIBRARIES = YES;
				BUNDLE_LOADER = "$(TEST_HOST)";
				CODE_SIGN_STYLE = Automatic;
				CURRENT_PROJECT_VERSION = 1;
				DEVELOPMENT_TEAM = QWY5DY832N;
				GENERATE_INFOPLIST_FILE = YES;
				IPHONEOS_DEPLOYMENT_TARGET = 16.4;
				MARKETING_VERSION = 1.0;
				PRODUCT_BUNDLE_IDENTIFIER = com.espressif.barchart.ChartDemoAppTests;
				PRODUCT_NAME = "$(TARGET_NAME)";
				SWIFT_EMIT_LOC_STRINGS = NO;
				SWIFT_VERSION = 5.0;
				TARGETED_DEVICE_FAMILY = "1,2";
				TEST_HOST = "$(BUILT_PRODUCTS_DIR)/ChartDemoApp.app/$(BUNDLE_EXECUTABLE_FOLDER_PATH)/ChartDemoApp";
			};
			name = Release;
		};
		26A7204B2B04BC0B008CFBA9 /* Debug */ = {
			isa = XCBuildConfiguration;
			buildSettings = {
				ALWAYS_EMBED_SWIFT_STANDARD_LIBRARIES = YES;
				CODE_SIGN_STYLE = Automatic;
				CURRENT_PROJECT_VERSION = 1;
				DEVELOPMENT_TEAM = QWY5DY832N;
				GENERATE_INFOPLIST_FILE = YES;
				MARKETING_VERSION = 1.0;
				PRODUCT_BUNDLE_IDENTIFIER = com.espressif.barchart.ChartDemoAppUITests;
				PRODUCT_NAME = "$(TARGET_NAME)";
				SWIFT_EMIT_LOC_STRINGS = NO;
				SWIFT_VERSION = 5.0;
				TARGETED_DEVICE_FAMILY = "1,2";
				TEST_TARGET_NAME = ChartDemoApp;
			};
			name = Debug;
		};
		26A7204C2B04BC0B008CFBA9 /* Release */ = {
			isa = XCBuildConfiguration;
			buildSettings = {
				ALWAYS_EMBED_SWIFT_STANDARD_LIBRARIES = YES;
				CODE_SIGN_STYLE = Automatic;
				CURRENT_PROJECT_VERSION = 1;
				DEVELOPMENT_TEAM = QWY5DY832N;
				GENERATE_INFOPLIST_FILE = YES;
				MARKETING_VERSION = 1.0;
				PRODUCT_BUNDLE_IDENTIFIER = com.espressif.barchart.ChartDemoAppUITests;
				PRODUCT_NAME = "$(TARGET_NAME)";
				SWIFT_EMIT_LOC_STRINGS = NO;
				SWIFT_VERSION = 5.0;
				TARGETED_DEVICE_FAMILY = "1,2";
				TEST_TARGET_NAME = ChartDemoApp;
			};
			name = Release;
		};
/* End XCBuildConfiguration section */

/* Begin XCConfigurationList section */
		26A7201B2B04BC0A008CFBA9 /* Build configuration list for PBXProject "ChartDemoApp" */ = {
			isa = XCConfigurationList;
			buildConfigurations = (
				26A720422B04BC0B008CFBA9 /* Debug */,
				26A720432B04BC0B008CFBA9 /* Release */,
			);
			defaultConfigurationIsVisible = 0;
			defaultConfigurationName = Release;
		};
		26A720442B04BC0B008CFBA9 /* Build configuration list for PBXNativeTarget "ChartDemoApp" */ = {
			isa = XCConfigurationList;
			buildConfigurations = (
				26A720452B04BC0B008CFBA9 /* Debug */,
				26A720462B04BC0B008CFBA9 /* Release */,
			);
			defaultConfigurationIsVisible = 0;
			defaultConfigurationName = Release;
		};
		26A720472B04BC0B008CFBA9 /* Build configuration list for PBXNativeTarget "ChartDemoAppTests" */ = {
			isa = XCConfigurationList;
			buildConfigurations = (
				26A720482B04BC0B008CFBA9 /* Debug */,
				26A720492B04BC0B008CFBA9 /* Release */,
			);
			defaultConfigurationIsVisible = 0;
			defaultConfigurationName = Release;
		};
		26A7204A2B04BC0B008CFBA9 /* Build configuration list for PBXNativeTarget "ChartDemoAppUITests" */ = {
			isa = XCConfigurationList;
			buildConfigurations = (
				26A7204B2B04BC0B008CFBA9 /* Debug */,
				26A7204C2B04BC0B008CFBA9 /* Release */,
			);
			defaultConfigurationIsVisible = 0;
			defaultConfigurationName = Release;
		};
/* End XCConfigurationList section */
	};
	rootObject = 26A720182B04BC0A008CFBA9 /* Project object */;
}
